// !$*UTF8*$!
{
	archiveVersion = 1;
	classes = {
	};
	objectVersion = 46;
	objects = {

/* Begin PBXFileReference section */
		DD6E4CEB19EE97BF003508D8 /* Makefile */ = {isa = PBXFileReference; fileEncoding = 4; lastKnownFileType = sourcecode.make; path = Makefile; sourceTree = "<group>"; };
		DD6E4CEE19EE97C8003508D8 /* README */ = {isa = PBXFileReference; fileEncoding = 4; lastKnownFileType = text; path = README; sourceTree = "<group>"; };
		DD6E4CEF19EE97C8003508D8 /* version.h */ = {isa = PBXFileReference; fileEncoding = 4; lastKnownFileType = sourcecode.c.h; path = version.h; sourceTree = "<group>"; };
		DD6E4CF119EE97CF003508D8 /* README */ = {isa = PBXFileReference; fileEncoding = 4; lastKnownFileType = text; path = README; sourceTree = "<group>"; };
		DD6E4CF519EF1DC9003508D8 /* RTABuffer.cpp */ = {isa = PBXFileReference; fileEncoding = 4; lastKnownFileType = sourcecode.cpp.cpp; path = RTABuffer.cpp; sourceTree = "<group>"; };
		DD6E4CF619EF1DC9003508D8 /* RTABuffer.h */ = {isa = PBXFileReference; fileEncoding = 4; lastKnownFileType = sourcecode.c.h; path = RTABuffer.h; sourceTree = "<group>"; };
		DD6E4CF719EF1DC9003508D8 /* RTAData.h */ = {isa = PBXFileReference; fileEncoding = 4; lastKnownFileType = sourcecode.c.h; path = RTAData.h; sourceTree = "<group>"; };
		DD6E4CF819EF1DC9003508D8 /* RTAAlgorithm.cpp */ = {isa = PBXFileReference; fileEncoding = 4; lastKnownFileType = sourcecode.cpp.cpp; path = RTAAlgorithm.cpp; sourceTree = "<group>"; };
		DD6E4CF919EF1DC9003508D8 /* RTAAlgorithm.h */ = {isa = PBXFileReference; fileEncoding = 4; lastKnownFileType = sourcecode.c.h; path = RTAAlgorithm.h; sourceTree = "<group>"; };
/* End PBXFileReference section */

/* Begin PBXGroup section */
		DD6E4CE019EE979A003508D8 = {
			isa = PBXGroup;
			children = (
				DD6E4CF019EE97CF003508D8 /* conf */,
				DD6E4CEC19EE97C8003508D8 /* code */,
				DD6E4CEB19EE97BF003508D8 /* Makefile */,
			);
			sourceTree = "<group>";
		};
		DD6E4CEC19EE97C8003508D8 /* code */ = {
			isa = PBXGroup;
			children = (
				DD6E4CF519EF1DC9003508D8 /* RTABuffer.cpp */,
				DD6E4CF619EF1DC9003508D8 /* RTABuffer.h */,
				DD6E4CF719EF1DC9003508D8 /* RTAData.h */,
				DD6E4CF819EF1DC9003508D8 /* RTAAlgorithm.cpp */,
				DD6E4CF919EF1DC9003508D8 /* RTAAlgorithm.h */,
				DD6E4CEE19EE97C8003508D8 /* README */,
				DD6E4CEF19EE97C8003508D8 /* version.h */,
			);
			path = code;
			sourceTree = "<group>";
		};
		DD6E4CF019EE97CF003508D8 /* conf */ = {
			isa = PBXGroup;
			children = (
				DD6E4CF119EE97CF003508D8 /* README */,
			);
			path = conf;
			sourceTree = "<group>";
		};
/* End PBXGroup section */

/* Begin PBXLegacyTarget section */
		DD6E4CE519EE979A003508D8 /* RTAAlgorithms */ = {
			isa = PBXLegacyTarget;
			buildArgumentsString = "$(ACTION)";
			buildConfigurationList = DD6E4CE819EE979A003508D8 /* Build configuration list for PBXLegacyTarget "RTAAlgorithms" */;
			buildPhases = (
			);
			buildToolPath = /usr/bin/make;
			dependencies = (
			);
			name = RTAAlgorithms;
			passBuildSettingsInEnvironment = 1;
			productName = RTAAlgorithms;
		};
/* End PBXLegacyTarget section */

/* Begin PBXProject section */
		DD6E4CE119EE979A003508D8 /* Project object */ = {
			isa = PBXProject;
			attributes = {
				LastUpgradeCheck = 0600;
				ORGANIZATIONNAME = "Andrea Bulgarelli";
				TargetAttributes = {
					DD6E4CE519EE979A003508D8 = {
						CreatedOnToolsVersion = 6.0.1;
					};
				};
			};
			buildConfigurationList = DD6E4CE419EE979A003508D8 /* Build configuration list for PBXProject "RTAAlgorithms" */;
			compatibilityVersion = "Xcode 3.2";
			developmentRegion = English;
			hasScannedForEncodings = 0;
			knownRegions = (
				en,
			);
			mainGroup = DD6E4CE019EE979A003508D8;
			projectDirPath = "";
			projectRoot = "";
			targets = (
				DD6E4CE519EE979A003508D8 /* RTAAlgorithms */,
			);
		};
/* End PBXProject section */

/* Begin XCBuildConfiguration section */
		DD6E4CE619EE979A003508D8 /* Debug */ = {
			isa = XCBuildConfiguration;
			buildSettings = {
				ALWAYS_SEARCH_USER_PATHS = NO;
				CLANG_CXX_LANGUAGE_STANDARD = "gnu++0x";
				CLANG_CXX_LIBRARY = "libc++";
				CLANG_ENABLE_MODULES = YES;
				CLANG_ENABLE_OBJC_ARC = YES;
				CLANG_WARN_BOOL_CONVERSION = YES;
				CLANG_WARN_CONSTANT_CONVERSION = YES;
				CLANG_WARN_DIRECT_OBJC_ISA_USAGE = YES_ERROR;
				CLANG_WARN_EMPTY_BODY = YES;
				CLANG_WARN_ENUM_CONVERSION = YES;
				CLANG_WARN_INT_CONVERSION = YES;
				CLANG_WARN_OBJC_ROOT_CLASS = YES_ERROR;
				CLANG_WARN_UNREACHABLE_CODE = YES;
				CLANG_WARN__DUPLICATE_METHOD_MATCH = YES;
				COPY_PHASE_STRIP = NO;
				ENABLE_STRICT_OBJC_MSGSEND = YES;
				GCC_C_LANGUAGE_STANDARD = gnu99;
				GCC_DYNAMIC_NO_PIC = NO;
				GCC_OPTIMIZATION_LEVEL = 0;
				GCC_PREPROCESSOR_DEFINITIONS = (
					"DEBUG=1",
					"$(inherited)",
				);
				GCC_SYMBOLS_PRIVATE_EXTERN = NO;
				GCC_WARN_64_TO_32_BIT_CONVERSION = YES;
				GCC_WARN_ABOUT_RETURN_TYPE = YES_ERROR;
				GCC_WARN_UNDECLARED_SELECTOR = YES;
				GCC_WARN_UNINITIALIZED_AUTOS = YES_AGGRESSIVE;
				GCC_WARN_UNUSED_FUNCTION = YES;
				GCC_WARN_UNUSED_VARIABLE = YES;
				MACOSX_DEPLOYMENT_TARGET = 10.9;
				MTL_ENABLE_DEBUG_INFO = YES;
				ONLY_ACTIVE_ARCH = YES;
				SDKROOT = macosx;
			};
			name = Debug;
		};
		DD6E4CE719EE979A003508D8 /* Release */ = {
			isa = XCBuildConfiguration;
			buildSettings = {
				ALWAYS_SEARCH_USER_PATHS = NO;
				CLANG_CXX_LANGUAGE_STANDARD = "gnu++0x";
				CLANG_CXX_LIBRARY = "libc++";
				CLANG_ENABLE_MODULES = YES;
				CLANG_ENABLE_OBJC_ARC = YES;
				CLANG_WARN_BOOL_CONVERSION = YES;
				CLANG_WARN_CONSTANT_CONVERSION = YES;
				CLANG_WARN_DIRECT_OBJC_ISA_USAGE = YES_ERROR;
				CLANG_WARN_EMPTY_BODY = YES;
				CLANG_WARN_ENUM_CONVERSION = YES;
				CLANG_WARN_INT_CONVERSION = YES;
				CLANG_WARN_OBJC_ROOT_CLASS = YES_ERROR;
				CLANG_WARN_UNREACHABLE_CODE = YES;
				CLANG_WARN__DUPLICATE_METHOD_MATCH = YES;
				COPY_PHASE_STRIP = YES;
				DEBUG_INFORMATION_FORMAT = "dwarf-with-dsym";
				ENABLE_NS_ASSERTIONS = NO;
				ENABLE_STRICT_OBJC_MSGSEND = YES;
				GCC_C_LANGUAGE_STANDARD = gnu99;
				GCC_WARN_64_TO_32_BIT_CONVERSION = YES;
				GCC_WARN_ABOUT_RETURN_TYPE = YES_ERROR;
				GCC_WARN_UNDECLARED_SELECTOR = YES;
				GCC_WARN_UNINITIALIZED_AUTOS = YES_AGGRESSIVE;
				GCC_WARN_UNUSED_FUNCTION = YES;
				GCC_WARN_UNUSED_VARIABLE = YES;
				MACOSX_DEPLOYMENT_TARGET = 10.9;
				MTL_ENABLE_DEBUG_INFO = NO;
				SDKROOT = macosx;
			};
			name = Release;
		};
		DD6E4CE919EE979A003508D8 /* Debug */ = {
			isa = XCBuildConfiguration;
			buildSettings = {
				DEBUGGING_SYMBOLS = YES;
				GCC_GENERATE_DEBUGGING_SYMBOLS = YES;
				GCC_OPTIMIZATION_LEVEL = 0;
				OTHER_CFLAGS = "";
				OTHER_LDFLAGS = "";
				PRODUCT_NAME = "$(TARGET_NAME)";
			};
			name = Debug;
		};
		DD6E4CEA19EE979A003508D8 /* Release */ = {
			isa = XCBuildConfiguration;
			buildSettings = {
				OTHER_CFLAGS = "";
				OTHER_LDFLAGS = "";
				PRODUCT_NAME = "$(TARGET_NAME)";
			};
			name = Release;
		};
/* End XCBuildConfiguration section */

/* Begin XCConfigurationList section */
		DD6E4CE419EE979A003508D8 /* Build configuration list for PBXProject "RTAAlgorithms" */ = {
			isa = XCConfigurationList;
			buildConfigurations = (
				DD6E4CE619EE979A003508D8 /* Debug */,
				DD6E4CE719EE979A003508D8 /* Release */,
			);
			defaultConfigurationIsVisible = 0;
			defaultConfigurationName = Release;
		};
		DD6E4CE819EE979A003508D8 /* Build configuration list for PBXLegacyTarget "RTAAlgorithms" */ = {
			isa = XCConfigurationList;
			buildConfigurations = (
				DD6E4CE919EE979A003508D8 /* Debug */,
				DD6E4CEA19EE979A003508D8 /* Release */,
			);
			defaultConfigurationIsVisible = 0;
			defaultConfigurationName = Release;
		};
/* End XCConfigurationList section */
	};
	rootObject = DD6E4CE119EE979A003508D8 /* Project object */;
}
